
Microsoft Visual Studio Solution File, Format Version 12.00
# Visual Studio Version 17
VisualStudioVersion = 17.1.32210.238
MinimumVisualStudioVersion = 10.0.40219.1
Project("{FAE04EC0-301F-11D3-BF4B-00C04F79EFBC}") = "E_CinemaAdminApplication", "E-CinemaAdminApplication\E_CinemaAdminApplication.csproj", "{D5F66C8D-713B-4572-8035-4903D7476F46}"
EndProject
Global
	GlobalSection(SolutionConfigurationPlatforms) = preSolution
		Debug|Any CPU = Debug|Any CPU
		Release|Any CPU = Release|Any CPU
	EndGlobalSection
	GlobalSection(ProjectConfigurationPlatforms) = postSolution
		{D5F66C8D-713B-4572-8035-4903D7476F46}.Debug|Any CPU.ActiveCfg = Debug|Any CPU
		{D5F66C8D-713B-4572-8035-4903D7476F46}.Debug|Any CPU.Build.0 = Debug|Any CPU
		{D5F66C8D-713B-4572-8035-4903D7476F46}.Release|Any CPU.ActiveCfg = Release|Any CPU
		{D5F66C8D-713B-4572-8035-4903D7476F46}.Release|Any CPU.Build.0 = Release|Any CPU
	EndGlobalSection
	GlobalSection(SolutionProperties) = preSolution
		HideSolutionNode = FALSE
	EndGlobalSection
	GlobalSection(ExtensibilityGlobals) = postSolution
		SolutionGuid = {FFA17717-8919-4E64-B5EE-2A79D7AE1D87}
	EndGlobalSection
EndGlobal
